PODS:
  - Highlightr3 (3.0.3)
  - SwiftyUserDefaults (5.0.0)

DEPENDENCIES:
  - Highlightr3
  - SwiftyUserDefaults

SPEC REPOS:
  trunk:
    - Highlightr3
    - SwiftyUserDefaults

SPEC CHECKSUMS:
  Highlightr3: 7dc66a822503c90502ef2b7eb8e5eb98b6d91444
  SwiftyUserDefaults: 33fcb42bd1feb53a37d873feb62c82967db5f7f6

PODFILE CHECKSUM: 8ffebcecbf96233d1641627884373b80a536f3e5

COCOAPODS: 1.10.1
