// !$*UTF8*$!
{
	archiveVersion = 1;
	classes = {
	};
	objectVersion = 54;
	objects = {

/* Begin PBXBuildFile section */
		5F614424259B6457007DCFB4 /* String+Ext.swift in Sources */ = {isa = PBXBuildFile; fileRef = 5F614423259B6457007DCFB4 /* String+Ext.swift */; };
		5F614427259B6493007DCFB4 /* JSONFormatterHelper.js in Resources */ = {isa = PBXBuildFile; fileRef = 5F614426259B6493007DCFB4 /* JSONFormatterHelper.js */; };
		5F614446259B6DE0007DCFB4 /* SwiftConversion.swift in Sources */ = {isa = PBXBuildFile; fileRef = 5F614445259B6DE0007DCFB4 /* SwiftConversion.swift */; };
		5F614449259B6E34007DCFB4 /* ObjcConversion.swift in Sources */ = {isa = PBXBuildFile; fileRef = 5F614448259B6E34007DCFB4 /* ObjcConversion.swift */; };
		5F84221825A9876E00C4ECF2 /* TextView.swift in Sources */ = {isa = PBXBuildFile; fileRef = 5F84221725A9876E00C4ECF2 /* TextView.swift */; };
		5F96A3AF25AABAE9008FB899 /* PreferenceView.swift in Sources */ = {isa = PBXBuildFile; fileRef = 5F96A3AE25AABAE9008FB899 /* PreferenceView.swift */; };
		5F96A3D725AC9661008FB899 /* LineNumberRulerView.swift in Sources */ = {isa = PBXBuildFile; fileRef = 5F96A3D625AC9661008FB899 /* LineNumberRulerView.swift */; };
		5FD6A06225A883A0006A308B /* Localizable.strings in Resources */ = {isa = PBXBuildFile; fileRef = 5FD6A06025A883A0006A308B /* Localizable.strings */; };
		5FF8FC99252AD0B800467BF8 /* AppDelegate.swift in Sources */ = {isa = PBXBuildFile; fileRef = 5FF8FC98252AD0B800467BF8 /* AppDelegate.swift */; };
		5FF8FC9B252AD0B800467BF8 /* ContentView.swift in Sources */ = {isa = PBXBuildFile; fileRef = 5FF8FC9A252AD0B800467BF8 /* ContentView.swift */; };
		5FF8FC9D252AD0B900467BF8 /* Assets.xcassets in Resources */ = {isa = PBXBuildFile; fileRef = 5FF8FC9C252AD0B900467BF8 /* Assets.xcassets */; };
		5FF8FCA0252AD0B900467BF8 /* Preview Assets.xcassets in Resources */ = {isa = PBXBuildFile; fileRef = 5FF8FC9F252AD0B900467BF8 /* Preview Assets.xcassets */; };
		5FF8FCA3252AD0B900467BF8 /* Main.storyboard in Resources */ = {isa = PBXBuildFile; fileRef = 5FF8FCA1252AD0B900467BF8 /* Main.storyboard */; };
		BB0CDCEFBA75B8A8ED1FBC24 /* Pods_JSONMapping.framework in Frameworks */ = {isa = PBXBuildFile; fileRef = 6CE3BCAED6AFC3622DA32931 /* Pods_JSONMapping.framework */; };
/* End PBXBuildFile section */

/* Begin PBXFileReference section */
		5F614423259B6457007DCFB4 /* String+Ext.swift */ = {isa = PBXFileReference; lastKnownFileType = sourcecode.swift; path = "String+Ext.swift"; sourceTree = "<group>"; };
		5F614426259B6493007DCFB4 /* JSONFormatterHelper.js */ = {isa = PBXFileReference; fileEncoding = 4; lastKnownFileType = sourcecode.javascript; path = JSONFormatterHelper.js; sourceTree = "<group>"; };
		5F614445259B6DE0007DCFB4 /* SwiftConversion.swift */ = {isa = PBXFileReference; lastKnownFileType = sourcecode.swift; path = SwiftConversion.swift; sourceTree = "<group>"; };
		5F614448259B6E34007DCFB4 /* ObjcConversion.swift */ = {isa = PBXFileReference; lastKnownFileType = sourcecode.swift; path = ObjcConversion.swift; sourceTree = "<group>"; };
		5F84221725A9876E00C4ECF2 /* TextView.swift */ = {isa = PBXFileReference; lastKnownFileType = sourcecode.swift; path = TextView.swift; sourceTree = "<group>"; };
		5F96A3AE25AABAE9008FB899 /* PreferenceView.swift */ = {isa = PBXFileReference; lastKnownFileType = sourcecode.swift; path = PreferenceView.swift; sourceTree = "<group>"; };
		5F96A3D625AC9661008FB899 /* LineNumberRulerView.swift */ = {isa = PBXFileReference; fileEncoding = 4; lastKnownFileType = sourcecode.swift; path = LineNumberRulerView.swift; sourceTree = "<group>"; };
		5FD6A05625A87DF4006A308B /* JSONMapping-Bridging-Header.h */ = {isa = PBXFileReference; lastKnownFileType = sourcecode.c.h; path = "JSONMapping-Bridging-Header.h"; sourceTree = "<group>"; };
		5FD6A06125A883A0006A308B /* zh_Hans */ = {isa = PBXFileReference; lastKnownFileType = text.plist.strings; name = zh_Hans; path = Localizable.strings; sourceTree = "<group>"; };
		5FF8FC95252AD0B800467BF8 /* JSONMapping.app */ = {isa = PBXFileReference; explicitFileType = wrapper.application; includeInIndex = 0; path = JSONMapping.app; sourceTree = BUILT_PRODUCTS_DIR; };
		5FF8FC98252AD0B800467BF8 /* AppDelegate.swift */ = {isa = PBXFileReference; lastKnownFileType = sourcecode.swift; path = AppDelegate.swift; sourceTree = "<group>"; };
		5FF8FC9A252AD0B800467BF8 /* ContentView.swift */ = {isa = PBXFileReference; lastKnownFileType = sourcecode.swift; path = ContentView.swift; sourceTree = "<group>"; };
		5FF8FC9C252AD0B900467BF8 /* Assets.xcassets */ = {isa = PBXFileReference; lastKnownFileType = folder.assetcatalog; path = Assets.xcassets; sourceTree = "<group>"; };
		5FF8FC9F252AD0B900467BF8 /* Preview Assets.xcassets */ = {isa = PBXFileReference; lastKnownFileType = folder.assetcatalog; path = "Preview Assets.xcassets"; sourceTree = "<group>"; };
		5FF8FCA2252AD0B900467BF8 /* Base */ = {isa = PBXFileReference; lastKnownFileType = file.storyboard; name = Base; path = Base.lproj/Main.storyboard; sourceTree = "<group>"; };
		5FF8FCA4252AD0B900467BF8 /* Info.plist */ = {isa = PBXFileReference; lastKnownFileType = text.plist.xml; path = Info.plist; sourceTree = "<group>"; };
		5FF8FCA5252AD0B900467BF8 /* JSONMapping.entitlements */ = {isa = PBXFileReference; lastKnownFileType = text.plist.entitlements; path = JSONMapping.entitlements; sourceTree = "<group>"; };
		640637652A415A3A2B4348FF /* Pods-JSONMapping.release.xcconfig */ = {isa = PBXFileReference; includeInIndex = 1; lastKnownFileType = text.xcconfig; name = "Pods-JSONMapping.release.xcconfig"; path = "Target Support Files/Pods-JSONMapping/Pods-JSONMapping.release.xcconfig"; sourceTree = "<group>"; };
		6CE3BCAED6AFC3622DA32931 /* Pods_JSONMapping.framework */ = {isa = PBXFileReference; explicitFileType = wrapper.framework; includeInIndex = 0; path = Pods_JSONMapping.framework; sourceTree = BUILT_PRODUCTS_DIR; };
		8956147E0FAABE953EAC4083 /* Pods-JSONMapping.debug.xcconfig */ = {isa = PBXFileReference; includeInIndex = 1; lastKnownFileType = text.xcconfig; name = "Pods-JSONMapping.debug.xcconfig"; path = "Target Support Files/Pods-JSONMapping/Pods-JSONMapping.debug.xcconfig"; sourceTree = "<group>"; };
/* End PBXFileReference section */

/* Begin PBXFrameworksBuildPhase section */
		5FF8FC92252AD0B700467BF8 /* Frameworks */ = {
			isa = PBXFrameworksBuildPhase;
			buildActionMask = 2147483647;
			files = (
				BB0CDCEFBA75B8A8ED1FBC24 /* Pods_JSONMapping.framework in Frameworks */,
			);
			runOnlyForDeploymentPostprocessing = 0;
		};
/* End PBXFrameworksBuildPhase section */

/* Begin PBXGroup section */
		5F84221625A9875D00C4ECF2 /* TextView */ = {
			isa = PBXGroup;
			children = (
				5F96A3D625AC9661008FB899 /* LineNumberRulerView.swift */,
				5F84221725A9876E00C4ECF2 /* TextView.swift */,
			);
			path = TextView;
			sourceTree = "<group>";
		};
		5FD6A05F25A88386006A308B /* zh_Hans.lproj */ = {
			isa = PBXGroup;
			children = (
				5FD6A06025A883A0006A308B /* Localizable.strings */,
			);
			path = zh_Hans.lproj;
			sourceTree = "<group>";
		};
		5FF8FC8C252AD0B700467BF8 = {
			isa = PBXGroup;
			children = (
				5FF8FC97252AD0B800467BF8 /* JSONMapping */,
				5FF8FC96252AD0B800467BF8 /* Products */,
				8682B497DC6793D8211A71F1 /* Frameworks */,
				671F76E7FD2BB047B52CB063 /* Pods */,
			);
			sourceTree = "<group>";
		};
		5FF8FC96252AD0B800467BF8 /* Products */ = {
			isa = PBXGroup;
			children = (
				5FF8FC95252AD0B800467BF8 /* JSONMapping.app */,
			);
			name = Products;
			sourceTree = "<group>";
		};
		5FF8FC97252AD0B800467BF8 /* JSONMapping */ = {
			isa = PBXGroup;
			children = (
				5FD6A05625A87DF4006A308B /* JSONMapping-Bridging-Header.h */,
				5F84221625A9875D00C4ECF2 /* TextView */,
				5FF8FCA5252AD0B900467BF8 /* JSONMapping.entitlements */,
				5FF8FC98252AD0B800467BF8 /* AppDelegate.swift */,
				5FF8FC9A252AD0B800467BF8 /* ContentView.swift */,
				5F96A3AE25AABAE9008FB899 /* PreferenceView.swift */,
				5F614423259B6457007DCFB4 /* String+Ext.swift */,
				5F614445259B6DE0007DCFB4 /* SwiftConversion.swift */,
				5F614448259B6E34007DCFB4 /* ObjcConversion.swift */,
				5F614426259B6493007DCFB4 /* JSONFormatterHelper.js */,
				5FF8FC9C252AD0B900467BF8 /* Assets.xcassets */,
				5FF8FCA1252AD0B900467BF8 /* Main.storyboard */,
				5FD6A05F25A88386006A308B /* zh_Hans.lproj */,
				5FF8FCA4252AD0B900467BF8 /* Info.plist */,
				5FF8FC9E252AD0B900467BF8 /* Preview Content */,
			);
			path = JSONMapping;
			sourceTree = "<group>";
		};
		5FF8FC9E252AD0B900467BF8 /* Preview Content */ = {
			isa = PBXGroup;
			children = (
				5FF8FC9F252AD0B900467BF8 /* Preview Assets.xcassets */,
			);
			path = "Preview Content";
			sourceTree = "<group>";
		};
		671F76E7FD2BB047B52CB063 /* Pods */ = {
			isa = PBXGroup;
			children = (
				8956147E0FAABE953EAC4083 /* Pods-JSONMapping.debug.xcconfig */,
				640637652A415A3A2B4348FF /* Pods-JSONMapping.release.xcconfig */,
			);
			path = Pods;
			sourceTree = "<group>";
		};
		8682B497DC6793D8211A71F1 /* Frameworks */ = {
			isa = PBXGroup;
			children = (
				6CE3BCAED6AFC3622DA32931 /* Pods_JSONMapping.framework */,
			);
			name = Frameworks;
			sourceTree = "<group>";
		};
/* End PBXGroup section */

/* Begin PBXNativeTarget section */
		5FF8FC94252AD0B700467BF8 /* JSONMapping */ = {
			isa = PBXNativeTarget;
			buildConfigurationList = 5FF8FCA8252AD0B900467BF8 /* Build configuration list for PBXNativeTarget "JSONMapping" */;
			buildPhases = (
				CBCFDDFDF4D583294233D4F9 /* [CP] Check Pods Manifest.lock */,
				5FF8FC91252AD0B700467BF8 /* Sources */,
				5FF8FC92252AD0B700467BF8 /* Frameworks */,
				5FF8FC93252AD0B700467BF8 /* Resources */,
				5F428B23259723020079F1E5 /* AutoBuildVersion */,
				609BF8AFBD7A118D0061B3DA /* [CP] Embed Pods Frameworks */,
			);
			buildRules = (
			);
			dependencies = (
			);
			name = JSONMapping;
			productName = JSONMapping;
			productReference = 5FF8FC95252AD0B800467BF8 /* JSONMapping.app */;
			productType = "com.apple.product-type.application";
		};
/* End PBXNativeTarget section */

/* Begin PBXProject section */
		5FF8FC8D252AD0B700467BF8 /* Project object */ = {
			isa = PBXProject;
			attributes = {
				LastSwiftUpdateCheck = 1200;
				LastUpgradeCheck = 1220;
				TargetAttributes = {
					5FF8FC94252AD0B700467BF8 = {
						CreatedOnToolsVersion = 12.0;
						LastSwiftMigration = 1230;
					};
				};
			};
			buildConfigurationList = 5FF8FC90252AD0B700467BF8 /* Build configuration list for PBXProject "JSONMapping" */;
			compatibilityVersion = "Xcode 9.3";
			developmentRegion = en;
			hasScannedForEncodings = 0;
			knownRegions = (
				en,
				Base,
				zh_Hans,
				"zh-Hans",
			);
			mainGroup = 5FF8FC8C252AD0B700467BF8;
			productRefGroup = 5FF8FC96252AD0B800467BF8 /* Products */;
			projectDirPath = "";
			projectRoot = "";
			targets = (
				5FF8FC94252AD0B700467BF8 /* JSONMapping */,
			);
		};
/* End PBXProject section */

/* Begin PBXResourcesBuildPhase section */
		5FF8FC93252AD0B700467BF8 /* Resources */ = {
			isa = PBXResourcesBuildPhase;
			buildActionMask = 2147483647;
			files = (
				5FD6A06225A883A0006A308B /* Localizable.strings in Resources */,
				5FF8FCA3252AD0B900467BF8 /* Main.storyboard in Resources */,
				5FF8FCA0252AD0B900467BF8 /* Preview Assets.xcassets in Resources */,
				5FF8FC9D252AD0B900467BF8 /* Assets.xcassets in Resources */,
				5F614427259B6493007DCFB4 /* JSONFormatterHelper.js in Resources */,
			);
			runOnlyForDeploymentPostprocessing = 0;
		};
/* End PBXResourcesBuildPhase section */

/* Begin PBXShellScriptBuildPhase section */
		5F428B23259723020079F1E5 /* AutoBuildVersion */ = {
			isa = PBXShellScriptBuildPhase;
			alwaysOutOfDate = 1;
			buildActionMask = 8;
			files = (
			);
			inputFileListPaths = (
			);
			inputPaths = (
			);
			name = AutoBuildVersion;
			outputFileListPaths = (
			);
			outputPaths = (
			);
			runOnlyForDeploymentPostprocessing = 1;
			shellPath = /bin/sh;
			shellScript = "# Type a script or drag a script file from your workspace to insert its path.\n buildNumber=$(date +%Y%m%d%H%M%S)\n/usr/libexec/PlistBuddy -c \"Set :CFBundleVersion $buildNumber\" \"$INFOPLIST_FILE\"\n";
		};
		609BF8AFBD7A118D0061B3DA /* [CP] Embed Pods Frameworks */ = {
			isa = PBXShellScriptBuildPhase;
			buildActionMask = 2147483647;
			files = (
			);
			inputFileListPaths = (
				"${PODS_ROOT}/Target Support Files/Pods-JSONMapping/Pods-JSONMapping-frameworks-${CONFIGURATION}-input-files.xcfilelist",
			);
			name = "[CP] Embed Pods Frameworks";
			outputFileListPaths = (
				"${PODS_ROOT}/Target Support Files/Pods-JSONMapping/Pods-JSONMapping-frameworks-${CONFIGURATION}-output-files.xcfilelist",
			);
			runOnlyForDeploymentPostprocessing = 0;
			shellPath = /bin/sh;
			shellScript = "\"${PODS_ROOT}/Target Support Files/Pods-JSONMapping/Pods-JSONMapping-frameworks.sh\"\n";
			showEnvVarsInLog = 0;
		};
		CBCFDDFDF4D583294233D4F9 /* [CP] Check Pods Manifest.lock */ = {
			isa = PBXShellScriptBuildPhase;
			buildActionMask = 2147483647;
			files = (
			);
			inputFileListPaths = (
			);
			inputPaths = (
				"${PODS_PODFILE_DIR_PATH}/Podfile.lock",
				"${PODS_ROOT}/Manifest.lock",
			);
			name = "[CP] Check Pods Manifest.lock";
			outputFileListPaths = (
			);
			outputPaths = (
				"$(DERIVED_FILE_DIR)/Pods-JSONMapping-checkManifestLockResult.txt",
			);
			runOnlyForDeploymentPostprocessing = 0;
			shellPath = /bin/sh;
			shellScript = "diff \"${PODS_PODFILE_DIR_PATH}/Podfile.lock\" \"${PODS_ROOT}/Manifest.lock\" > /dev/null\nif [ $? != 0 ] ; then\n    # print error to STDERR\n    echo \"error: The sandbox is not in sync with the Podfile.lock. Run 'pod install' or update your CocoaPods installation.\" >&2\n    exit 1\nfi\n# This output is used by Xcode 'outputs' to avoid re-running this script phase.\necho \"SUCCESS\" > \"${SCRIPT_OUTPUT_FILE_0}\"\n";
			showEnvVarsInLog = 0;
		};
/* End PBXShellScriptBuildPhase section */

/* Begin PBXSourcesBuildPhase section */
		5FF8FC91252AD0B700467BF8 /* Sources */ = {
			isa = PBXSourcesBuildPhase;
			buildActionMask = 2147483647;
			files = (
				5F96A3AF25AABAE9008FB899 /* PreferenceView.swift in Sources */,
				5F614424259B6457007DCFB4 /* String+Ext.swift in Sources */,
				5F96A3D725AC9661008FB899 /* LineNumberRulerView.swift in Sources */,
				5FF8FC9B252AD0B800467BF8 /* ContentView.swift in Sources */,
				5FF8FC99252AD0B800467BF8 /* AppDelegate.swift in Sources */,
				5F84221825A9876E00C4ECF2 /* TextView.swift in Sources */,
				5F614446259B6DE0007DCFB4 /* SwiftConversion.swift in Sources */,
				5F614449259B6E34007DCFB4 /* ObjcConversion.swift in Sources */,
			);
			runOnlyForDeploymentPostprocessing = 0;
		};
/* End PBXSourcesBuildPhase section */

/* Begin PBXVariantGroup section */
		5FD6A06025A883A0006A308B /* Localizable.strings */ = {
			isa = PBXVariantGroup;
			children = (
				5FD6A06125A883A0006A308B /* zh_Hans */,
			);
			name = Localizable.strings;
			sourceTree = "<group>";
		};
		5FF8FCA1252AD0B900467BF8 /* Main.storyboard */ = {
			isa = PBXVariantGroup;
			children = (
				5FF8FCA2252AD0B900467BF8 /* Base */,
			);
			name = Main.storyboard;
			sourceTree = "<group>";
		};
/* End PBXVariantGroup section */

/* Begin XCBuildConfiguration section */
		5FF8FCA6252AD0B900467BF8 /* Debug */ = {
			isa = XCBuildConfiguration;
			buildSettings = {
				ALWAYS_SEARCH_USER_PATHS = NO;
				CLANG_ANALYZER_LOCALIZABILITY_NONLOCALIZED = YES;
				CLANG_ANALYZER_NONNULL = YES;
				CLANG_ANALYZER_NUMBER_OBJECT_CONVERSION = YES_AGGRESSIVE;
				CLANG_CXX_LANGUAGE_STANDARD = "gnu++14";
				CLANG_CXX_LIBRARY = "libc++";
				CLANG_ENABLE_MODULES = YES;
				CLANG_ENABLE_OBJC_ARC = YES;
				CLANG_ENABLE_OBJC_WEAK = YES;
				CLANG_WARN_BLOCK_CAPTURE_AUTORELEASING = YES;
				CLANG_WARN_BOOL_CONVERSION = YES;
				CLANG_WARN_COMMA = YES;
				CLANG_WARN_CONSTANT_CONVERSION = YES;
				CLANG_WARN_DEPRECATED_OBJC_IMPLEMENTATIONS = YES;
				CLANG_WARN_DIRECT_OBJC_ISA_USAGE = YES_ERROR;
				CLANG_WARN_DOCUMENTATION_COMMENTS = YES;
				CLANG_WARN_EMPTY_BODY = YES;
				CLANG_WARN_ENUM_CONVERSION = YES;
				CLANG_WARN_INFINITE_RECURSION = YES;
				CLANG_WARN_INT_CONVERSION = YES;
				CLANG_WARN_NON_LITERAL_NULL_CONVERSION = YES;
				CLANG_WARN_OBJC_IMPLICIT_RETAIN_SELF = YES;
				CLANG_WARN_OBJC_LITERAL_CONVERSION = YES;
				CLANG_WARN_OBJC_ROOT_CLASS = YES_ERROR;
				CLANG_WARN_QUOTED_INCLUDE_IN_FRAMEWORK_HEADER = YES;
				CLANG_WARN_RANGE_LOOP_ANALYSIS = YES;
				CLANG_WARN_STRICT_PROTOTYPES = YES;
				CLANG_WARN_SUSPICIOUS_MOVE = YES;
				CLANG_WARN_UNGUARDED_AVAILABILITY = YES_AGGRESSIVE;
				CLANG_WARN_UNREACHABLE_CODE = YES;
				CLANG_WARN__DUPLICATE_METHOD_MATCH = YES;
				COPY_PHASE_STRIP = NO;
				DEBUG_INFORMATION_FORMAT = dwarf;
				ENABLE_STRICT_OBJC_MSGSEND = YES;
				ENABLE_TESTABILITY = YES;
				GCC_C_LANGUAGE_STANDARD = gnu11;
				GCC_DYNAMIC_NO_PIC = NO;
				GCC_NO_COMMON_BLOCKS = YES;
				GCC_OPTIMIZATION_LEVEL = 0;
				GCC_PREPROCESSOR_DEFINITIONS = (
					"DEBUG=1",
					"$(inherited)",
				);
				GCC_WARN_64_TO_32_BIT_CONVERSION = YES;
				GCC_WARN_ABOUT_RETURN_TYPE = YES_ERROR;
				GCC_WARN_UNDECLARED_SELECTOR = YES;
				GCC_WARN_UNINITIALIZED_AUTOS = YES_AGGRESSIVE;
				GCC_WARN_UNUSED_FUNCTION = YES;
				GCC_WARN_UNUSED_VARIABLE = YES;
				MACOSX_DEPLOYMENT_TARGET = 10.15;
				MTL_ENABLE_DEBUG_INFO = INCLUDE_SOURCE;
				MTL_FAST_MATH = YES;
				ONLY_ACTIVE_ARCH = YES;
				SDKROOT = macosx;
				SWIFT_ACTIVE_COMPILATION_CONDITIONS = DEBUG;
				SWIFT_OPTIMIZATION_LEVEL = "-Onone";
			};
			name = Debug;
		};
		5FF8FCA7252AD0B900467BF8 /* Release */ = {
			isa = XCBuildConfiguration;
			buildSettings = {
				ALWAYS_SEARCH_USER_PATHS = NO;
				CLANG_ANALYZER_LOCALIZABILITY_NONLOCALIZED = YES;
				CLANG_ANALYZER_NONNULL = YES;
				CLANG_ANALYZER_NUMBER_OBJECT_CONVERSION = YES_AGGRESSIVE;
				CLANG_CXX_LANGUAGE_STANDARD = "gnu++14";
				CLANG_CXX_LIBRARY = "libc++";
				CLANG_ENABLE_MODULES = YES;
				CLANG_ENABLE_OBJC_ARC = YES;
				CLANG_ENABLE_OBJC_WEAK = YES;
				CLANG_WARN_BLOCK_CAPTURE_AUTORELEASING = YES;
				CLANG_WARN_BOOL_CONVERSION = YES;
				CLANG_WARN_COMMA = YES;
				CLANG_WARN_CONSTANT_CONVERSION = YES;
				CLANG_WARN_DEPRECATED_OBJC_IMPLEMENTATIONS = YES;
				CLANG_WARN_DIRECT_OBJC_ISA_USAGE = YES_ERROR;
				CLANG_WARN_DOCUMENTATION_COMMENTS = YES;
				CLANG_WARN_EMPTY_BODY = YES;
				CLANG_WARN_ENUM_CONVERSION = YES;
				CLANG_WARN_INFINITE_RECURSION = YES;
				CLANG_WARN_INT_CONVERSION = YES;
				CLANG_WARN_NON_LITERAL_NULL_CONVERSION = YES;
				CLANG_WARN_OBJC_IMPLICIT_RETAIN_SELF = YES;
				CLANG_WARN_OBJC_LITERAL_CONVERSION = YES;
				CLANG_WARN_OBJC_ROOT_CLASS = YES_ERROR;
				CLANG_WARN_QUOTED_INCLUDE_IN_FRAMEWORK_HEADER = YES;
				CLANG_WARN_RANGE_LOOP_ANALYSIS = YES;
				CLANG_WARN_STRICT_PROTOTYPES = YES;
				CLANG_WARN_SUSPICIOUS_MOVE = YES;
				CLANG_WARN_UNGUARDED_AVAILABILITY = YES_AGGRESSIVE;
				CLANG_WARN_UNREACHABLE_CODE = YES;
				CLANG_WARN__DUPLICATE_METHOD_MATCH = YES;
				COPY_PHASE_STRIP = NO;
				DEBUG_INFORMATION_FORMAT = "dwarf-with-dsym";
				ENABLE_NS_ASSERTIONS = NO;
				ENABLE_STRICT_OBJC_MSGSEND = YES;
				GCC_C_LANGUAGE_STANDARD = gnu11;
				GCC_NO_COMMON_BLOCKS = YES;
				GCC_WARN_64_TO_32_BIT_CONVERSION = YES;
				GCC_WARN_ABOUT_RETURN_TYPE = YES_ERROR;
				GCC_WARN_UNDECLARED_SELECTOR = YES;
				GCC_WARN_UNINITIALIZED_AUTOS = YES_AGGRESSIVE;
				GCC_WARN_UNUSED_FUNCTION = YES;
				GCC_WARN_UNUSED_VARIABLE = YES;
				MACOSX_DEPLOYMENT_TARGET = 10.15;
				MTL_ENABLE_DEBUG_INFO = NO;
				MTL_FAST_MATH = YES;
				SDKROOT = macosx;
				SWIFT_COMPILATION_MODE = wholemodule;
				SWIFT_OPTIMIZATION_LEVEL = "-O";
			};
			name = Release;
		};
		5FF8FCA9252AD0B900467BF8 /* Debug */ = {
			isa = XCBuildConfiguration;
			baseConfigurationReference = 8956147E0FAABE953EAC4083 /* Pods-JSONMapping.debug.xcconfig */;
			buildSettings = {
				ASSETCATALOG_COMPILER_APPICON_NAME = AppIcon;
				ASSETCATALOG_COMPILER_GLOBAL_ACCENT_COLOR_NAME = AccentColor;
				CLANG_ENABLE_MODULES = YES;
				CODE_SIGN_ENTITLEMENTS = JSONMapping/JSONMapping.entitlements;
				CODE_SIGN_IDENTITY = "Apple Development";
				CODE_SIGN_STYLE = Automatic;
				COMBINE_HIDPI_IMAGES = YES;
				CURRENT_PROJECT_VERSION = 0;
				DEVELOPMENT_ASSET_PATHS = "\"JSONMapping/Preview Content\"";
				DEVELOPMENT_TEAM = NV69G85YFB;
				ENABLE_HARDENED_RUNTIME = YES;
				ENABLE_PREVIEWS = YES;
				INFOPLIST_FILE = "$(SRCROOT)/JSONMapping/Info.plist";
				LD_RUNPATH_SEARCH_PATHS = (
					"$(inherited)",
					"@executable_path/../Frameworks",
				);
				MACOSX_DEPLOYMENT_TARGET = 11.0;
				MARKETING_VERSION = 1.0.4;
				PRODUCT_BUNDLE_IDENTIFIER = com.BraveShine.SwiftMapping;
				PRODUCT_NAME = "$(TARGET_NAME)";
				PROVISIONING_PROFILE_SPECIFIER = "";
				SWIFT_OBJC_BRIDGING_HEADER = "JSONMapping/JSONMapping-Bridging-Header.h";
				SWIFT_OPTIMIZATION_LEVEL = "-Onone";
				SWIFT_VERSION = 5.0;
			};
			name = Debug;
		};
		5FF8FCAA252AD0B900467BF8 /* Release */ = {
			isa = XCBuildConfiguration;
			baseConfigurationReference = 640637652A415A3A2B4348FF /* Pods-JSONMapping.release.xcconfig */;
			buildSettings = {
				ASSETCATALOG_COMPILER_APPICON_NAME = AppIcon;
				ASSETCATALOG_COMPILER_GLOBAL_ACCENT_COLOR_NAME = AccentColor;
				CLANG_ENABLE_MODULES = YES;
				CODE_SIGN_ENTITLEMENTS = JSONMapping/JSONMapping.entitlements;
				CODE_SIGN_IDENTITY = "Apple Development";
				CODE_SIGN_STYLE = Automatic;
				COMBINE_HIDPI_IMAGES = YES;
				CURRENT_PROJECT_VERSION = 0;
				DEVELOPMENT_ASSET_PATHS = "\"JSONMapping/Preview Content\"";
				DEVELOPMENT_TEAM = NV69G85YFB;
				ENABLE_HARDENED_RUNTIME = YES;
				ENABLE_PREVIEWS = YES;
				INFOPLIST_FILE = "$(SRCROOT)/JSONMapping/Info.plist";
				LD_RUNPATH_SEARCH_PATHS = (
					"$(inherited)",
					"@executable_path/../Frameworks",
				);
				MACOSX_DEPLOYMENT_TARGET = 11.0;
				MARKETING_VERSION = 1.0.4;
				PRODUCT_BUNDLE_IDENTIFIER = com.BraveShine.SwiftMapping;
				PRODUCT_NAME = "$(TARGET_NAME)";
				PROVISIONING_PROFILE_SPECIFIER = "";
				SWIFT_OBJC_BRIDGING_HEADER = "JSONMapping/JSONMapping-Bridging-Header.h";
				SWIFT_VERSION = 5.0;
			};
			name = Release;
		};
/* End XCBuildConfiguration section */

/* Begin XCConfigurationList section */
		5FF8FC90252AD0B700467BF8 /* Build configuration list for PBXProject "JSONMapping" */ = {
			isa = XCConfigurationList;
			buildConfigurations = (
				5FF8FCA6252AD0B900467BF8 /* Debug */,
				5FF8FCA7252AD0B900467BF8 /* Release */,
			);
			defaultConfigurationIsVisible = 0;
			defaultConfigurationName = Release;
		};
		5FF8FCA8252AD0B900467BF8 /* Build configuration list for PBXNativeTarget "JSONMapping" */ = {
			isa = XCConfigurationList;
			buildConfigurations = (
				5FF8FCA9252AD0B900467BF8 /* Debug */,
				5FF8FCAA252AD0B900467BF8 /* Release */,
			);
			defaultConfigurationIsVisible = 0;
			defaultConfigurationName = Release;
		};
/* End XCConfigurationList section */
	};
	rootObject = 5FF8FC8D252AD0B700467BF8 /* Project object */;
}
